
Microsoft Visual Studio Solution File, Format Version 12.00
# Visual Studio Version 17
VisualStudioVersion = 17.10.34928.147
MinimumVisualStudioVersion = 10.0.40219.1
Project("{FAE04EC0-301F-11D3-BF4B-00C04F79EFBC}") = "WallpaperRoll", "WallpaperRoll.csproj", "{D1D49EA4-BCB5-43DC-A6E4-A36A1A04CDC8}"
EndProject
Global
	GlobalSection(SolutionConfigurationPlatforms) = preSolution
		Debug|Any CPU = Debug|Any CPU
		Release|Any CPU = Release|Any CPU
	EndGlobalSection
	GlobalSection(ProjectConfigurationPlatforms) = postSolution
		{D1D49EA4-BCB5-43DC-A6E4-A36A1A04CDC8}.Debug|Any CPU.ActiveCfg = Debug|Any CPU
		{D1D49EA4-BCB5-43DC-A6E4-A36A1A04CDC8}.Debug|Any CPU.Build.0 = Debug|Any CPU
		{D1D49EA4-BCB5-43DC-A6E4-A36A1A04CDC8}.Release|Any CPU.ActiveCfg = Release|Any CPU
		{D1D49EA4-BCB5-43DC-A6E4-A36A1A04CDC8}.Release|Any CPU.Build.0 = Release|Any CPU
	EndGlobalSection
	GlobalSection(SolutionProperties) = preSolution
		HideSolutionNode = FALSE
	EndGlobalSection
	GlobalSection(ExtensibilityGlobals) = postSolution
		SolutionGuid = {157DE1F3-3D80-4449-BE3B-3C2DCB8DCA1C}
	EndGlobalSection
EndGlobal
